
Microsoft Visual Studio Solution File, Format Version 12.00
# Visual Studio Version 17
VisualStudioVersion = 17.14.36518.9 d17.14
MinimumVisualStudioVersion = 10.0.40219.1
Project("{FAE04EC0-301F-11D3-BF4B-00C04F79EFBC}") = "questao pratica encapsulamento", "Pratica POO\questao pratica encapsulamento.csproj", "{C1D0A2EA-CA98-457F-9AB9-CD055ABBCA2C}"
EndProject
Global
	GlobalSection(SolutionConfigurationPlatforms) = preSolution
		Debug|Any CPU = Debug|Any CPU
		Release|Any CPU = Release|Any CPU
	EndGlobalSection
	GlobalSection(ProjectConfigurationPlatforms) = postSolution
		{C1D0A2EA-CA98-457F-9AB9-CD055ABBCA2C}.Debug|Any CPU.ActiveCfg = Debug|Any CPU
		{C1D0A2EA-CA98-457F-9AB9-CD055ABBCA2C}.Debug|Any CPU.Build.0 = Debug|Any CPU
		{C1D0A2EA-CA98-457F-9AB9-CD055ABBCA2C}.Release|Any CPU.ActiveCfg = Release|Any CPU
		{C1D0A2EA-CA98-457F-9AB9-CD055ABBCA2C}.Release|Any CPU.Build.0 = Release|Any CPU
	EndGlobalSection
	GlobalSection(SolutionProperties) = preSolution
		HideSolutionNode = FALSE
	EndGlobalSection
	GlobalSection(ExtensibilityGlobals) = postSolution
		SolutionGuid = {F2670703-C0D5-421B-8590-938AA7688A34}
	EndGlobalSection
EndGlobal
