
Microsoft Visual Studio Solution File, Format Version 12.00
# Visual Studio Version 17
VisualStudioVersion = 17.14.36518.9 d17.14
MinimumVisualStudioVersion = 10.0.40219.1
Project("{FAE04EC0-301F-11D3-BF4B-00C04F79EFBC}") = "PraticaPOO4", "PraticaPOO4\PraticaPOO4.csproj", "{89340654-6F9C-45D7-B873-24699CF5525A}"
EndProject
Global
	GlobalSection(SolutionConfigurationPlatforms) = preSolution
		Debug|Any CPU = Debug|Any CPU
		Release|Any CPU = Release|Any CPU
	EndGlobalSection
	GlobalSection(ProjectConfigurationPlatforms) = postSolution
		{89340654-6F9C-45D7-B873-24699CF5525A}.Debug|Any CPU.ActiveCfg = Debug|Any CPU
		{89340654-6F9C-45D7-B873-24699CF5525A}.Debug|Any CPU.Build.0 = Debug|Any CPU
		{89340654-6F9C-45D7-B873-24699CF5525A}.Release|Any CPU.ActiveCfg = Release|Any CPU
		{89340654-6F9C-45D7-B873-24699CF5525A}.Release|Any CPU.Build.0 = Release|Any CPU
	EndGlobalSection
	GlobalSection(SolutionProperties) = preSolution
		HideSolutionNode = FALSE
	EndGlobalSection
	GlobalSection(ExtensibilityGlobals) = postSolution
		SolutionGuid = {E26D67A7-9742-4087-98E6-35555D2E8D33}
	EndGlobalSection
EndGlobal
